
Microsoft Visual Studio Solution File, Format Version 12.00
# Visual Studio Version 16
VisualStudioVersion = 16.0.30907.101
MinimumVisualStudioVersion = 10.0.40219.1
Project("{9A19103F-16F7-4668-BE54-9A1E7A4F7556}") = "MaterialFader", "MaterialFader\MaterialFader.csproj", "{A92DB24C-33E3-44B5-8370-81E281DBD58A}"
EndProject
Project("{9A19103F-16F7-4668-BE54-9A1E7A4F7556}") = "DryWetMidi", "drywetmidi\DryWetMidi\Melanchall.DryWetMidi.csproj", "{A2EE3566-7AAC-11EB-AB46-8BF4C4315935}"
EndProject
Global
	GlobalSection(SolutionConfigurationPlatforms) = preSolution
		Debug|Any CPU = Debug|Any CPU
		Release|Any CPU = Release|Any CPU
	EndGlobalSection
	GlobalSection(ProjectConfigurationPlatforms) = postSolution
		{A92DB24C-33E3-44B5-8370-81E281DBD58A}.Debug|Any CPU.ActiveCfg = Debug|Any CPU
		{A92DB24C-33E3-44B5-8370-81E281DBD58A}.Debug|Any CPU.Build.0 = Debug|Any CPU
		{A92DB24C-33E3-44B5-8370-81E281DBD58A}.Release|Any CPU.ActiveCfg = Release|Any CPU
		{A92DB24C-33E3-44B5-8370-81E281DBD58A}.Release|Any CPU.Build.0 = Release|Any CPU
		{A2EE3566-7AAC-11EB-AB46-8BF4C4315935}.Debug|Any CPU.ActiveCfg = Debug|Any CPU
		{A2EE3566-7AAC-11EB-AB46-8BF4C4315935}.Debug|Any CPU.Build.0 = Debug|Any CPU
		{A2EE3566-7AAC-11EB-AB46-8BF4C4315935}.Release|Any CPU.ActiveCfg = Release|Any CPU
		{A2EE3566-7AAC-11EB-AB46-8BF4C4315935}.Release|Any CPU.Build.0 = Release|Any CPU
	EndGlobalSection
	GlobalSection(SolutionProperties) = preSolution
		HideSolutionNode = FALSE
	EndGlobalSection
	GlobalSection(ExtensibilityGlobals) = postSolution
		SolutionGuid = {67744386-0306-496B-8E60-B8116366DD4B}
	EndGlobalSection
EndGlobal
